
Microsoft Visual Studio Solution File, Format Version 12.00
# Visual Studio Version 16
VisualStudioVersion = 16.0.31515.178
MinimumVisualStudioVersion = 10.0.40219.1
Project("{9A19103F-16F7-4668-BE54-9A1E7A4F7556}") = "gisa.mic.backend", "gisa.mic.backend\gisa.mic.backend.csproj", "{AB1354CF-B99B-4A06-A20E-1E33DF7B9DCE}"
EndProject
Project("{9A19103F-16F7-4668-BE54-9A1E7A4F7556}") = "gisa.comum", "Gisa.comum\gisa.comum.csproj", "{28B91181-A7B7-4904-AB36-3F58F9FE4F61}"
EndProject
Project("{9A19103F-16F7-4668-BE54-9A1E7A4F7556}") = "gisa.mge.backend", "gisa.mge.backend\gisa.mge.backend.csproj", "{73605A49-62AE-4816-9799-39EF88A5A42E}"
EndProject
Project("{9A19103F-16F7-4668-BE54-9A1E7A4F7556}") = "gisa.msa.backend", "gisa.msa.backend\gisa.msa.backend.csproj", "{8687112C-DCAE-453B-BBD4-44902FEBDB45}"
EndProject
Global
	GlobalSection(SolutionConfigurationPlatforms) = preSolution
		Debug|Any CPU = Debug|Any CPU
		Debug|x64 = Debug|x64
		Debug|x86 = Debug|x86
		Release|Any CPU = Release|Any CPU
		Release|x64 = Release|x64
		Release|x86 = Release|x86
	EndGlobalSection
	GlobalSection(ProjectConfigurationPlatforms) = postSolution
		{AB1354CF-B99B-4A06-A20E-1E33DF7B9DCE}.Debug|Any CPU.ActiveCfg = Debug|Any CPU
		{AB1354CF-B99B-4A06-A20E-1E33DF7B9DCE}.Debug|Any CPU.Build.0 = Debug|Any CPU
		{AB1354CF-B99B-4A06-A20E-1E33DF7B9DCE}.Debug|x64.ActiveCfg = Debug|Any CPU
		{AB1354CF-B99B-4A06-A20E-1E33DF7B9DCE}.Debug|x64.Build.0 = Debug|Any CPU
		{AB1354CF-B99B-4A06-A20E-1E33DF7B9DCE}.Debug|x86.ActiveCfg = Debug|Any CPU
		{AB1354CF-B99B-4A06-A20E-1E33DF7B9DCE}.Debug|x86.Build.0 = Debug|Any CPU
		{AB1354CF-B99B-4A06-A20E-1E33DF7B9DCE}.Release|Any CPU.ActiveCfg = Release|Any CPU
		{AB1354CF-B99B-4A06-A20E-1E33DF7B9DCE}.Release|Any CPU.Build.0 = Release|Any CPU
		{AB1354CF-B99B-4A06-A20E-1E33DF7B9DCE}.Release|x64.ActiveCfg = Release|Any CPU
		{AB1354CF-B99B-4A06-A20E-1E33DF7B9DCE}.Release|x64.Build.0 = Release|Any CPU
		{AB1354CF-B99B-4A06-A20E-1E33DF7B9DCE}.Release|x86.ActiveCfg = Release|Any CPU
		{AB1354CF-B99B-4A06-A20E-1E33DF7B9DCE}.Release|x86.Build.0 = Release|Any CPU
		{28B91181-A7B7-4904-AB36-3F58F9FE4F61}.Debug|Any CPU.ActiveCfg = Debug|Any CPU
		{28B91181-A7B7-4904-AB36-3F58F9FE4F61}.Debug|Any CPU.Build.0 = Debug|Any CPU
		{28B91181-A7B7-4904-AB36-3F58F9FE4F61}.Debug|x64.ActiveCfg = Debug|Any CPU
		{28B91181-A7B7-4904-AB36-3F58F9FE4F61}.Debug|x64.Build.0 = Debug|Any CPU
		{28B91181-A7B7-4904-AB36-3F58F9FE4F61}.Debug|x86.ActiveCfg = Debug|Any CPU
		{28B91181-A7B7-4904-AB36-3F58F9FE4F61}.Debug|x86.Build.0 = Debug|Any CPU
		{28B91181-A7B7-4904-AB36-3F58F9FE4F61}.Release|Any CPU.ActiveCfg = Release|Any CPU
		{28B91181-A7B7-4904-AB36-3F58F9FE4F61}.Release|Any CPU.Build.0 = Release|Any CPU
		{28B91181-A7B7-4904-AB36-3F58F9FE4F61}.Release|x64.ActiveCfg = Release|Any CPU
		{28B91181-A7B7-4904-AB36-3F58F9FE4F61}.Release|x64.Build.0 = Release|Any CPU
		{28B91181-A7B7-4904-AB36-3F58F9FE4F61}.Release|x86.ActiveCfg = Release|Any CPU
		{28B91181-A7B7-4904-AB36-3F58F9FE4F61}.Release|x86.Build.0 = Release|Any CPU
		{73605A49-62AE-4816-9799-39EF88A5A42E}.Debug|Any CPU.ActiveCfg = Debug|Any CPU
		{73605A49-62AE-4816-9799-39EF88A5A42E}.Debug|Any CPU.Build.0 = Debug|Any CPU
		{73605A49-62AE-4816-9799-39EF88A5A42E}.Debug|x64.ActiveCfg = Debug|Any CPU
		{73605A49-62AE-4816-9799-39EF88A5A42E}.Debug|x64.Build.0 = Debug|Any CPU
		{73605A49-62AE-4816-9799-39EF88A5A42E}.Debug|x86.ActiveCfg = Debug|Any CPU
		{73605A49-62AE-4816-9799-39EF88A5A42E}.Debug|x86.Build.0 = Debug|Any CPU
		{73605A49-62AE-4816-9799-39EF88A5A42E}.Release|Any CPU.ActiveCfg = Release|Any CPU
		{73605A49-62AE-4816-9799-39EF88A5A42E}.Release|Any CPU.Build.0 = Release|Any CPU
		{73605A49-62AE-4816-9799-39EF88A5A42E}.Release|x64.ActiveCfg = Release|Any CPU
		{73605A49-62AE-4816-9799-39EF88A5A42E}.Release|x64.Build.0 = Release|Any CPU
		{73605A49-62AE-4816-9799-39EF88A5A42E}.Release|x86.ActiveCfg = Release|Any CPU
		{73605A49-62AE-4816-9799-39EF88A5A42E}.Release|x86.Build.0 = Release|Any CPU
		{8687112C-DCAE-453B-BBD4-44902FEBDB45}.Debug|Any CPU.ActiveCfg = Debug|Any CPU
		{8687112C-DCAE-453B-BBD4-44902FEBDB45}.Debug|Any CPU.Build.0 = Debug|Any CPU
		{8687112C-DCAE-453B-BBD4-44902FEBDB45}.Debug|x64.ActiveCfg = Debug|Any CPU
		{8687112C-DCAE-453B-BBD4-44902FEBDB45}.Debug|x64.Build.0 = Debug|Any CPU
		{8687112C-DCAE-453B-BBD4-44902FEBDB45}.Debug|x86.ActiveCfg = Debug|Any CPU
		{8687112C-DCAE-453B-BBD4-44902FEBDB45}.Debug|x86.Build.0 = Debug|Any CPU
		{8687112C-DCAE-453B-BBD4-44902FEBDB45}.Release|Any CPU.ActiveCfg = Release|Any CPU
		{8687112C-DCAE-453B-BBD4-44902FEBDB45}.Release|Any CPU.Build.0 = Release|Any CPU
		{8687112C-DCAE-453B-BBD4-44902FEBDB45}.Release|x64.ActiveCfg = Release|Any CPU
		{8687112C-DCAE-453B-BBD4-44902FEBDB45}.Release|x64.Build.0 = Release|Any CPU
		{8687112C-DCAE-453B-BBD4-44902FEBDB45}.Release|x86.ActiveCfg = Release|Any CPU
		{8687112C-DCAE-453B-BBD4-44902FEBDB45}.Release|x86.Build.0 = Release|Any CPU
	EndGlobalSection
	GlobalSection(SolutionProperties) = preSolution
		HideSolutionNode = FALSE
	EndGlobalSection
	GlobalSection(ExtensibilityGlobals) = postSolution
		SolutionGuid = {5406FE4A-8F5E-484D-855E-D902A8FCE143}
	EndGlobalSection
EndGlobal
